
Microsoft Visual Studio Solution File, Format Version 12.00
# Visual Studio Version 16
VisualStudioVersion = 16.0.29728.190
MinimumVisualStudioVersion = 10.0.40219.1
Project("{FAE04EC0-301F-11D3-BF4B-00C04F79EFBC}") = "check_automationID", "check_automationID\check_automationID.csproj", "{979C6A72-B758-4D28-818B-50CA30504533}"
EndProject
Global
	GlobalSection(SolutionConfigurationPlatforms) = preSolution
		Debug|Any CPU = Debug|Any CPU
		Release|Any CPU = Release|Any CPU
	EndGlobalSection
	GlobalSection(ProjectConfigurationPlatforms) = postSolution
		{979C6A72-B758-4D28-818B-50CA30504533}.Debug|Any CPU.ActiveCfg = Debug|Any CPU
		{979C6A72-B758-4D28-818B-50CA30504533}.Debug|Any CPU.Build.0 = Debug|Any CPU
		{979C6A72-B758-4D28-818B-50CA30504533}.Release|Any CPU.ActiveCfg = Release|Any CPU
		{979C6A72-B758-4D28-818B-50CA30504533}.Release|Any CPU.Build.0 = Release|Any CPU
	EndGlobalSection
	GlobalSection(SolutionProperties) = preSolution
		HideSolutionNode = FALSE
	EndGlobalSection
	GlobalSection(ExtensibilityGlobals) = postSolution
		SolutionGuid = {3AB5CC3F-F0D5-49F5-B60B-D8CE16CCAEF2}
	EndGlobalSection
EndGlobal
